
Microsoft Visual Studio Solution File, Format Version 12.00
# Visual Studio Version 16
VisualStudioVersion = 16.0.29613.14
MinimumVisualStudioVersion = 10.0.40219.1
Project("{9A19103F-16F7-4668-BE54-9A1E7A4F7556}") = "GrovePiDevice", "GrovePiDevice\GrovePiDevice.csproj", "{473E7BDA-3291-45F2-975B-1A336BF79C41}"
EndProject
Global
	GlobalSection(SolutionConfigurationPlatforms) = preSolution
		Debug|Any CPU = Debug|Any CPU
		Release|Any CPU = Release|Any CPU
	EndGlobalSection
	GlobalSection(ProjectConfigurationPlatforms) = postSolution
		{473E7BDA-3291-45F2-975B-1A336BF79C41}.Debug|Any CPU.ActiveCfg = Debug|Any CPU
		{473E7BDA-3291-45F2-975B-1A336BF79C41}.Debug|Any CPU.Build.0 = Debug|Any CPU
		{473E7BDA-3291-45F2-975B-1A336BF79C41}.Release|Any CPU.ActiveCfg = Release|Any CPU
		{473E7BDA-3291-45F2-975B-1A336BF79C41}.Release|Any CPU.Build.0 = Release|Any CPU
	EndGlobalSection
	GlobalSection(SolutionProperties) = preSolution
		HideSolutionNode = FALSE
	EndGlobalSection
	GlobalSection(ExtensibilityGlobals) = postSolution
		SolutionGuid = {3C8D61AA-DB1C-4834-B41E-8242B2EFA1E7}
	EndGlobalSection
EndGlobal
